{
  "requires": true,
  "lockfileVersion": 1,
  "dependencies": {
    "coffee-script": {
      "version": "1.7.1",
      "resolved": "https://registry.npmjs.org/coffee-script/-/coffee-script-1.7.1.tgz",
      "integrity": "sha1-YplqhheAx15tUGnROCJyO3NAS/w=",
      "requires": {
        "mkdirp": "0.3.5"
      }
    },
    "coffeescript-module": {
      "version": "0.2.1",
      "resolved": "https://registry.npmjs.org/coffeescript-module/-/coffeescript-module-0.2.1.tgz",
      "integrity": "sha1-LGGqhpg8rNImcZ+fHdqSPLCuZ7A="
    },
    "iconv-lite": {
      "version": "0.4.22",
      "resolved": "https://registry.npmjs.org/iconv-lite/-/iconv-lite-0.4.22.tgz",
      "integrity": "sha512-1AinFBeDTnsvVEP+V1QBlHpM1UZZl7gWB6fcz7B1Ho+LI1dUh2sSrxoCfVt2PinRHzXAziSniEV3P7JbTDHcXA==",
      "requires": {
        "safer-buffer": "2.1.2"
      }
    },
    "jspack": {
      "version": "0.0.4",
      "resolved": "https://registry.npmjs.org/jspack/-/jspack-0.0.4.tgz",
      "integrity": "sha1-Mt01x/3LPjRWwY+7fvntC8YjgXc="
    },
    "lodash": {
      "version": "2.4.2",
      "resolved": "https://registry.npmjs.org/lodash/-/lodash-2.4.2.tgz",
      "integrity": "sha1-+t2DS5aDBz2hebPq5tnA0VBT9z4="
    },
    "mkdirp": {
      "version": "0.3.5",
      "resolved": "https://registry.npmjs.org/mkdirp/-/mkdirp-0.3.5.tgz",
      "integrity": "sha1-3j5fiWHIjHh+4TaN+EmsRBPsqNc="
    },
    "parse-engine-data": {
      "version": "0.1.2",
      "resolved": "https://registry.npmjs.org/parse-engine-data/-/parse-engine-data-0.1.2.tgz",
      "integrity": "sha1-UWH2EzyYiPUhVezO1CcWV13+oFI=",
      "requires": {
        "iconv-lite": "0.4.22"
      }
    },
    "pngjs": {
      "version": "3.2.0",
      "resolved": "https://registry.npmjs.org/pngjs/-/pngjs-3.2.0.tgz",
      "integrity": "sha1-/J/OoaijddpUpRFIAZ1avUHbq94="
    },
    "psd": {
      "version": "3.2.0",
      "resolved": "https://registry.npmjs.org/psd/-/psd-3.2.0.tgz",
      "integrity": "sha512-T3xchHRLA0IuahyaX3Q4/Ml0nRbjWX5QIFw0JK2OxFBnCfJzZwFiGqJ4N93KHfvxuy0NXJdcvr1xYy6AKDVytw==",
      "requires": {
        "coffee-script": "1.7.1",
        "coffeescript-module": "0.2.1",
        "iconv-lite": "0.4.22",
        "jspack": "0.0.4",
        "lodash": "2.4.2",
        "parse-engine-data": "0.1.2",
        "pngjs": "3.2.0",
        "rsvp": "3.0.21"
      }
    },
    "rsvp": {
      "version": "3.0.21",
      "resolved": "https://registry.npmjs.org/rsvp/-/rsvp-3.0.21.tgz",
      "integrity": "sha1-ScWI/hjvKTvNCrn05nVuasQzNZ8="
    },
    "safer-buffer": {
      "version": "2.1.2",
      "resolved": "https://registry.npmjs.org/safer-buffer/-/safer-buffer-2.1.2.tgz",
      "integrity": "sha512-YZo3K82SD7Riyi0E1EQPojLz7kpepnSQI9IyPbHHg1XXXevb5dJI7tpyN2ADxGcQbHG7vcyRHk0cbwqcQriUtg=="
    }
  }
}
